
Microsoft Visual Studio Solution File, Format Version 12.00
# Visual Studio Version 17
VisualStudioVersion = 17.14.36623.8
MinimumVisualStudioVersion = 10.0.40219.1
Project("{2150E333-8FDC-42A3-9474-1A3956D46DE8}") = "src", "src", "{02EA681E-C7D8-13C7-8484-4AC65E1B71E8}"
EndProject
Project("{2150E333-8FDC-42A3-9474-1A3956D46DE8}") = "tests", "tests", "{E7C2520C-C639-4952-BA8F-943C87EE14BE}"
EndProject
Project("{2150E333-8FDC-42A3-9474-1A3956D46DE8}") = "docs", "docs", "{90E9E36C-B60E-45AE-81B7-79A97FF093DC}"
EndProject
Project("{FAE04EC0-301F-11D3-BF4B-00C04F79EFBC}") = "PriceMaster.Domain", "PriceMaster.Domain\PriceMaster.Domain.csproj", "{213B92ED-0609-4DFD-9B22-B3B53D13E703}"
EndProject
Project("{FAE04EC0-301F-11D3-BF4B-00C04F79EFBC}") = "PriceMaster.Infrastructure", "PriceMaster.Infrastructure\PriceMaster.Infrastructure.csproj", "{ABFB7A9C-AA3E-47C7-B169-5460B37EAF1E}"
EndProject
Project("{FAE04EC0-301F-11D3-BF4B-00C04F79EFBC}") = "PriceMaster.ConsoleApp", "PriceMaster.ConsoleApp\PriceMaster.ConsoleApp.csproj", "{0DA7DF57-19FD-4A5E-AD2E-272BC7983909}"
EndProject
Project("{FAE04EC0-301F-11D3-BF4B-00C04F79EFBC}") = "PriceMaster.Application", "PriceMaster.Application\PriceMaster.Application.csproj", "{18915F1E-9BB0-4565-8E67-9A2A7D819D45}"
EndProject
Project("{FAE04EC0-301F-11D3-BF4B-00C04F79EFBC}") = "PriceMaster.IntegrationTests", "PriceMaster.IntegrationTests\PriceMaster.IntegrationTests.csproj", "{3D4EBA36-C7F6-4CF9-BB6E-212DE38C2972}"
EndProject
Global
	GlobalSection(SolutionConfigurationPlatforms) = preSolution
		Debug|Any CPU = Debug|Any CPU
		Release|Any CPU = Release|Any CPU
	EndGlobalSection
	GlobalSection(ProjectConfigurationPlatforms) = postSolution
		{213B92ED-0609-4DFD-9B22-B3B53D13E703}.Debug|Any CPU.ActiveCfg = Debug|Any CPU
		{213B92ED-0609-4DFD-9B22-B3B53D13E703}.Debug|Any CPU.Build.0 = Debug|Any CPU
		{213B92ED-0609-4DFD-9B22-B3B53D13E703}.Release|Any CPU.ActiveCfg = Release|Any CPU
		{213B92ED-0609-4DFD-9B22-B3B53D13E703}.Release|Any CPU.Build.0 = Release|Any CPU
		{ABFB7A9C-AA3E-47C7-B169-5460B37EAF1E}.Debug|Any CPU.ActiveCfg = Debug|Any CPU
		{ABFB7A9C-AA3E-47C7-B169-5460B37EAF1E}.Debug|Any CPU.Build.0 = Debug|Any CPU
		{ABFB7A9C-AA3E-47C7-B169-5460B37EAF1E}.Release|Any CPU.ActiveCfg = Release|Any CPU
		{ABFB7A9C-AA3E-47C7-B169-5460B37EAF1E}.Release|Any CPU.Build.0 = Release|Any CPU
		{0DA7DF57-19FD-4A5E-AD2E-272BC7983909}.Debug|Any CPU.ActiveCfg = Debug|Any CPU
		{0DA7DF57-19FD-4A5E-AD2E-272BC7983909}.Debug|Any CPU.Build.0 = Debug|Any CPU
		{0DA7DF57-19FD-4A5E-AD2E-272BC7983909}.Release|Any CPU.ActiveCfg = Release|Any CPU
		{0DA7DF57-19FD-4A5E-AD2E-272BC7983909}.Release|Any CPU.Build.0 = Release|Any CPU
		{18915F1E-9BB0-4565-8E67-9A2A7D819D45}.Debug|Any CPU.ActiveCfg = Debug|Any CPU
		{18915F1E-9BB0-4565-8E67-9A2A7D819D45}.Debug|Any CPU.Build.0 = Debug|Any CPU
		{18915F1E-9BB0-4565-8E67-9A2A7D819D45}.Release|Any CPU.ActiveCfg = Release|Any CPU
		{18915F1E-9BB0-4565-8E67-9A2A7D819D45}.Release|Any CPU.Build.0 = Release|Any CPU
		{3D4EBA36-C7F6-4CF9-BB6E-212DE38C2972}.Debug|Any CPU.ActiveCfg = Debug|Any CPU
		{3D4EBA36-C7F6-4CF9-BB6E-212DE38C2972}.Debug|Any CPU.Build.0 = Debug|Any CPU
		{3D4EBA36-C7F6-4CF9-BB6E-212DE38C2972}.Release|Any CPU.ActiveCfg = Release|Any CPU
		{3D4EBA36-C7F6-4CF9-BB6E-212DE38C2972}.Release|Any CPU.Build.0 = Release|Any CPU
	EndGlobalSection
	GlobalSection(SolutionProperties) = preSolution
		HideSolutionNode = FALSE
	EndGlobalSection
	GlobalSection(NestedProjects) = preSolution
		{213B92ED-0609-4DFD-9B22-B3B53D13E703} = {02EA681E-C7D8-13C7-8484-4AC65E1B71E8}
		{ABFB7A9C-AA3E-47C7-B169-5460B37EAF1E} = {02EA681E-C7D8-13C7-8484-4AC65E1B71E8}
		{0DA7DF57-19FD-4A5E-AD2E-272BC7983909} = {02EA681E-C7D8-13C7-8484-4AC65E1B71E8}
		{18915F1E-9BB0-4565-8E67-9A2A7D819D45} = {02EA681E-C7D8-13C7-8484-4AC65E1B71E8}
		{3D4EBA36-C7F6-4CF9-BB6E-212DE38C2972} = {E7C2520C-C639-4952-BA8F-943C87EE14BE}
	EndGlobalSection
	GlobalSection(ExtensibilityGlobals) = postSolution
		SolutionGuid = {78D29B25-10DA-49CB-9FEB-0AF18B1CE797}
	EndGlobalSection
EndGlobal
